
Microsoft Visual Studio Solution File, Format Version 12.00
# Visual Studio Version 16
VisualStudioVersion = 16.0.31424.327
MinimumVisualStudioVersion = 10.0.40219.1
Project("{FAE04EC0-301F-11D3-BF4B-00C04F79EFBC}") = "Ocorrencia_API", "Ocorrencia_API\Ocorrencia_API.csproj", "{805FAEB5-1657-4E6F-8826-3EF3C7CA0446}"
EndProject
Global
	GlobalSection(SolutionConfigurationPlatforms) = preSolution
		Debug|Any CPU = Debug|Any CPU
		Release|Any CPU = Release|Any CPU
	EndGlobalSection
	GlobalSection(ProjectConfigurationPlatforms) = postSolution
		{805FAEB5-1657-4E6F-8826-3EF3C7CA0446}.Debug|Any CPU.ActiveCfg = Debug|Any CPU
		{805FAEB5-1657-4E6F-8826-3EF3C7CA0446}.Debug|Any CPU.Build.0 = Debug|Any CPU
		{805FAEB5-1657-4E6F-8826-3EF3C7CA0446}.Release|Any CPU.ActiveCfg = Release|Any CPU
		{805FAEB5-1657-4E6F-8826-3EF3C7CA0446}.Release|Any CPU.Build.0 = Release|Any CPU
	EndGlobalSection
	GlobalSection(SolutionProperties) = preSolution
		HideSolutionNode = FALSE
	EndGlobalSection
	GlobalSection(ExtensibilityGlobals) = postSolution
		SolutionGuid = {06A6D74B-A8FA-4969-BA58-1585A27EEA91}
	EndGlobalSection
EndGlobal
